
Microsoft Visual Studio Solution File, Format Version 12.00
# Visual Studio Version 17
VisualStudioVersion = 17.13.35931.197
MinimumVisualStudioVersion = 10.0.40219.1
Project("{FAE04EC0-301F-11D3-BF4B-00C04F79EFBC}") = "Ejercicio1", "Ejercicio1\Ejercicio1.csproj", "{E29098A7-8979-42D4-9ED4-A9281741C248}"
EndProject
Project("{FAE04EC0-301F-11D3-BF4B-00C04F79EFBC}") = "Ejercicio2", "Ejercicio2\Ejercicio2.csproj", "{F286A866-9F0E-42D6-B496-D16FE7D7395E}"
EndProject
Project("{FAE04EC0-301F-11D3-BF4B-00C04F79EFBC}") = "Ejercicio3", "Ejercicio3\Ejercicio3.csproj", "{F2BAAE38-563F-47D0-A82C-9BA150E99F23}"
EndProject
Project("{FAE04EC0-301F-11D3-BF4B-00C04F79EFBC}") = "Ejercicio4", "Ejercicio4\Ejercicio4.csproj", "{806F3FA9-F28A-4BC2-A3CA-1FEF3D57B76F}"
EndProject
Project("{FAE04EC0-301F-11D3-BF4B-00C04F79EFBC}") = "Ejercicio5", "Ejercicio5\Ejercicio5.csproj", "{5F998580-5664-4282-8286-A67377325527}"
EndProject
Project("{FAE04EC0-301F-11D3-BF4B-00C04F79EFBC}") = "Ejercicio6", "Ejercicio6\Ejercicio6.csproj", "{8A8730BC-EF84-4686-A30F-BC13B1A6F681}"
EndProject
Global
	GlobalSection(SolutionConfigurationPlatforms) = preSolution
		Debug|Any CPU = Debug|Any CPU
		Release|Any CPU = Release|Any CPU
	EndGlobalSection
	GlobalSection(ProjectConfigurationPlatforms) = postSolution
		{E29098A7-8979-42D4-9ED4-A9281741C248}.Debug|Any CPU.ActiveCfg = Debug|Any CPU
		{E29098A7-8979-42D4-9ED4-A9281741C248}.Debug|Any CPU.Build.0 = Debug|Any CPU
		{E29098A7-8979-42D4-9ED4-A9281741C248}.Release|Any CPU.ActiveCfg = Release|Any CPU
		{E29098A7-8979-42D4-9ED4-A9281741C248}.Release|Any CPU.Build.0 = Release|Any CPU
		{F286A866-9F0E-42D6-B496-D16FE7D7395E}.Debug|Any CPU.ActiveCfg = Debug|Any CPU
		{F286A866-9F0E-42D6-B496-D16FE7D7395E}.Debug|Any CPU.Build.0 = Debug|Any CPU
		{F286A866-9F0E-42D6-B496-D16FE7D7395E}.Release|Any CPU.ActiveCfg = Release|Any CPU
		{F286A866-9F0E-42D6-B496-D16FE7D7395E}.Release|Any CPU.Build.0 = Release|Any CPU
		{F2BAAE38-563F-47D0-A82C-9BA150E99F23}.Debug|Any CPU.ActiveCfg = Debug|Any CPU
		{F2BAAE38-563F-47D0-A82C-9BA150E99F23}.Debug|Any CPU.Build.0 = Debug|Any CPU
		{F2BAAE38-563F-47D0-A82C-9BA150E99F23}.Release|Any CPU.ActiveCfg = Release|Any CPU
		{F2BAAE38-563F-47D0-A82C-9BA150E99F23}.Release|Any CPU.Build.0 = Release|Any CPU
		{806F3FA9-F28A-4BC2-A3CA-1FEF3D57B76F}.Debug|Any CPU.ActiveCfg = Debug|Any CPU
		{806F3FA9-F28A-4BC2-A3CA-1FEF3D57B76F}.Debug|Any CPU.Build.0 = Debug|Any CPU
		{806F3FA9-F28A-4BC2-A3CA-1FEF3D57B76F}.Release|Any CPU.ActiveCfg = Release|Any CPU
		{806F3FA9-F28A-4BC2-A3CA-1FEF3D57B76F}.Release|Any CPU.Build.0 = Release|Any CPU
		{5F998580-5664-4282-8286-A67377325527}.Debug|Any CPU.ActiveCfg = Debug|Any CPU
		{5F998580-5664-4282-8286-A67377325527}.Debug|Any CPU.Build.0 = Debug|Any CPU
		{5F998580-5664-4282-8286-A67377325527}.Release|Any CPU.ActiveCfg = Release|Any CPU
		{5F998580-5664-4282-8286-A67377325527}.Release|Any CPU.Build.0 = Release|Any CPU
		{8A8730BC-EF84-4686-A30F-BC13B1A6F681}.Debug|Any CPU.ActiveCfg = Debug|Any CPU
		{8A8730BC-EF84-4686-A30F-BC13B1A6F681}.Debug|Any CPU.Build.0 = Debug|Any CPU
		{8A8730BC-EF84-4686-A30F-BC13B1A6F681}.Release|Any CPU.ActiveCfg = Release|Any CPU
		{8A8730BC-EF84-4686-A30F-BC13B1A6F681}.Release|Any CPU.Build.0 = Release|Any CPU
	EndGlobalSection
	GlobalSection(SolutionProperties) = preSolution
		HideSolutionNode = FALSE
	EndGlobalSection
	GlobalSection(ExtensibilityGlobals) = postSolution
		SolutionGuid = {A3DE199F-AC38-4129-9123-DFFF50E4A21F}
	EndGlobalSection
EndGlobal
